
Microsoft Visual Studio Solution File, Format Version 12.00
# Visual Studio Version 17
VisualStudioVersion = 17.13.35919.96
MinimumVisualStudioVersion = 10.0.40219.1
Project("{FAE04EC0-301F-11D3-BF4B-00C04F79EFBC}") = "DrowsinessDetectionServer", "DrowsinessDetectionServer\DrowsinessDetectionServer.csproj", "{FE2B9837-7D5E-4785-8A47-5CF874A6B0EA}"
EndProject
Project("{FAE04EC0-301F-11D3-BF4B-00C04F79EFBC}") = "RoleBaseAuthorizationLibrary", "RoleBaseAuthorizationLibrary\RoleBaseAuthorizationLibrary.csproj", "{CD2EF0BF-458C-01FA-EA97-A5242163E9FB}"
EndProject
Global
	GlobalSection(SolutionConfigurationPlatforms) = preSolution
		Debug|Any CPU = Debug|Any CPU
		Release|Any CPU = Release|Any CPU
	EndGlobalSection
	GlobalSection(ProjectConfigurationPlatforms) = postSolution
		{FE2B9837-7D5E-4785-8A47-5CF874A6B0EA}.Debug|Any CPU.ActiveCfg = Debug|Any CPU
		{FE2B9837-7D5E-4785-8A47-5CF874A6B0EA}.Debug|Any CPU.Build.0 = Debug|Any CPU
		{FE2B9837-7D5E-4785-8A47-5CF874A6B0EA}.Release|Any CPU.ActiveCfg = Release|Any CPU
		{FE2B9837-7D5E-4785-8A47-5CF874A6B0EA}.Release|Any CPU.Build.0 = Release|Any CPU
		{CD2EF0BF-458C-01FA-EA97-A5242163E9FB}.Debug|Any CPU.ActiveCfg = Debug|Any CPU
		{CD2EF0BF-458C-01FA-EA97-A5242163E9FB}.Debug|Any CPU.Build.0 = Debug|Any CPU
		{CD2EF0BF-458C-01FA-EA97-A5242163E9FB}.Release|Any CPU.ActiveCfg = Release|Any CPU
		{CD2EF0BF-458C-01FA-EA97-A5242163E9FB}.Release|Any CPU.Build.0 = Release|Any CPU
	EndGlobalSection
	GlobalSection(SolutionProperties) = preSolution
		HideSolutionNode = FALSE
	EndGlobalSection
	GlobalSection(ExtensibilityGlobals) = postSolution
		SolutionGuid = {BFEA10B2-68F3-4AE7-B892-EF09D190C7F1}
	EndGlobalSection
EndGlobal
